# This file is autogenerated, do not edit; changes may be undone by the next 'dep ensure'.


[[projects]]
  branch = "master"
  name = "golang.org/x/net"
  packages = ["websocket"]
  revision = "1961d9def2b2d7a28d7958926d2457d05a178ecd"

[[projects]]
  branch = "master"
  name = "golang.org/x/sys"
  packages = ["unix"]
  revision = "075e574b89e4c2d22f2286a7e2b919519c6f3547"

[[projects]]
  branch = "master"
  name = "gopkg.in/Sirupsen/logrus.v0"
  packages = ["."]
  revision = "4b6ea7319e214d98c938f12692336f7ca9348d6b"

[[projects]]
  branch = "v1"
  name = "gopkg.in/yaml.v1"
  packages = ["."]
  revision = "9f9df34309c04878acc86042b16630b0f696e1de"

[solve-meta]
  analyzer-name = "dep"
  analyzer-version = 1
  inputs-digest = "b072b6dfcf86f02595b725e7a261961da3e3883fbed1fef29abac7084f8e6045"
  solver-name = "gps-cdcl"
  solver-version = 1
